Microsoft Visual Studio Solution File, Format Version 12.00
# Visual Studio Version 17
VisualStudioVersion = 17.12.35209.166
MinimumVisualStudioVersion = 10.0.40219.1
Project("{2150E333-8FDC-42A3-9474-1A3956D46DE8}") = "src", "src", "{7D448B23-AA07-45BA-884B-0F71A3AEEA46}"
EndProject
Project("{2150E333-8FDC-42A3-9474-1A3956D46DE8}") = "tests", "tests", "{BDCB64A7-5E58-43EB-A1A9-4E3BA910B950}"
EndProject
Project("{2150E333-8FDC-42A3-9474-1A3956D46DE8}") = "Shared", "Shared", "{CEB83A10-7169-4462-99AD-70AD676F5F41}"
EndProject
Project("{FAE04EC0-301F-11D3-BF4B-00C04F79EFBC}") = "Cine.Shared.Domain", "src\Shared\Cine.Shared.Domain\Cine.Shared.Domain.csproj", "{EA5EBD46-424C-471B-BEDC-F78CE84035FA}"
EndProject
Project("{2150E333-8FDC-42A3-9474-1A3956D46DE8}") = "Solution Items", "Solution Items", "{776EF8E9-BD13-4AE7-81D1-EFBC23F664AB}"
	ProjectSection(SolutionItems) = preProject
		.editorconfig = .editorconfig
		Directory.Packages.props = Directory.Packages.props
		.github\workflows\test.yml = .github\workflows\test.yml
	EndProjectSection
EndProject
Project("{2150E333-8FDC-42A3-9474-1A3956D46DE8}") = "Modules", "Modules", "{9B854C6B-DF72-4E2D-A0B8-62E95164DABB}"
EndProject
Project("{2150E333-8FDC-42A3-9474-1A3956D46DE8}") = "Movies", "Movies", "{70D0489C-2BD2-4C7A-9977-224A1F0695A5}"
EndProject
Project("{FAE04EC0-301F-11D3-BF4B-00C04F79EFBC}") = "Cine.Modules.Movies.Domain", "src\Modules\Movies\Cine.Modules.Movies.Domain\Cine.Modules.Movies.Domain.csproj", "{08136B98-5F15-44EA-B5E6-1B076073C2D7}"
EndProject
Project("{2150E333-8FDC-42A3-9474-1A3956D46DE8}") = "Modules", "Modules", "{DBAE702B-9783-4848-9059-4EE3F7918389}"
EndProject
Project("{2150E333-8FDC-42A3-9474-1A3956D46DE8}") = "Movies", "Movies", "{25A4F4FF-DAB6-4E8D-AD49-FD2B0FFDD4CF}"
EndProject
Project("{2150E333-8FDC-42A3-9474-1A3956D46DE8}") = "UnitTests", "UnitTests", "{D1B2277E-FEAE-4EED-BF89-D7D9F244C6A1}"
EndProject
Project("{FAE04EC0-301F-11D3-BF4B-00C04F79EFBC}") = "Cine.Modules.Movies.Domain.UnitTests", "tests\UnitTests\Modules\Movies\Cine.Modules.Movies.Domain.UnitTests\Cine.Modules.Movies.Domain.UnitTests.csproj", "{098A7FF4-CDCA-412C-B130-4D9E6092BC31}"
EndProject
Project("{FAE04EC0-301F-11D3-BF4B-00C04F79EFBC}") = "Cine.Modules.Movies.Infrastructure", "src\Modules\Movies\Cine.Modules.Movies.Infrastructure\Cine.Modules.Movies.Infrastructure.csproj", "{08D6760B-FEDD-4212-92AD-894A5DA69A51}"
EndProject
Project("{FAE04EC0-301F-11D3-BF4B-00C04F79EFBC}") = "Cine.Shared.Infrastructure", "src\Shared\Cine.Shared.Infrastructure\Cine.Shared.Infrastructure.csproj", "{B27BD98F-BCBA-47F4-B9B7-149D00DF080A}"
EndProject
Project("{FAE04EC0-301F-11D3-BF4B-00C04F79EFBC}") = "Cine.Modules.Movies.Application", "src\Modules\Movies\Cine.Modules.Movies.Application\Cine.Modules.Movies.Application.csproj", "{551D1355-0A84-4BEE-B613-2536343EE375}"
EndProject
Project("{2150E333-8FDC-42A3-9474-1A3956D46DE8}") = "ArchTests", "ArchTests", "{8B9A251A-AE3D-46A0-849D-4953B20CFE0A}"
EndProject
Project("{FAE04EC0-301F-11D3-BF4B-00C04F79EFBC}") = "Cine.ArchitectureTests", "tests\ArchTests\Cine.ArchitectureTests\Cine.ArchitectureTests.csproj", "{CDCE8289-39B3-4C5B-93A3-2C25161E5420}"
EndProject
Project("{FAE04EC0-301F-11D3-BF4B-00C04F79EFBC}") = "Cine.Shared.Application", "src\Shared\Cine.Shared.Application\Cine.Shared.Application.csproj", "{CB204E9C-F113-467B-935E-9D723E6C276C}"
EndProject
Project("{FAE04EC0-301F-11D3-BF4B-00C04F79EFBC}") = "Cine.Modules.Movies.Application.UnitTests", "tests\UnitTests\Modules\Movies\Cine.Modules.Movies.Application.UnitTests\Cine.Modules.Movies.Application.UnitTests.csproj", "{54D54AAE-18EF-4583-86C4-56519C236C58}"
EndProject
Project("{2150E333-8FDC-42A3-9474-1A3956D46DE8}") = "IntegrationTests", "IntegrationTests", "{26E6AD3B-4D2B-4AF2-A24D-4B1D4EC466F1}"
EndProject
Project("{FAE04EC0-301F-11D3-BF4B-00C04F79EFBC}") = "Cine.IntegrationTests", "tests\IntegrationTests\Cine.IntegrationTests\Cine.IntegrationTests.csproj", "{EE275EB4-A343-47C6-96DC-287442DDEAB5}"
EndProject
Project("{FAE04EC0-301F-11D3-BF4B-00C04F79EFBC}") = "Cine.Modules.Movies.Api", "src\Modules\Movies\Cine.Modules.Movies.Api\Cine.Modules.Movies.Api.csproj", "{FA532538-55B3-4BAD-A912-EEA7D8191714}"
EndProject
Project("{E53339B2-1760-4266-BCC7-CA923CBCF16C}") = "docker-compose", "docker-compose.dcproj", "{05B2E423-4A84-449B-B825-0A954C06C109}"
EndProject
Project("{2150E333-8FDC-42A3-9474-1A3956D46DE8}") = "Shared", "Shared", "{5F0D9EF9-5C2B-4FFC-AE2A-25557E649BD0}"
EndProject
Global
	GlobalSection(SolutionConfigurationPlatforms) = preSolution
		Debug|Any CPU = Debug|Any CPU
		Release|Any CPU = Release|Any CPU
	EndGlobalSection
	GlobalSection(ProjectConfigurationPlatforms) = postSolution
		{EA5EBD46-424C-471B-BEDC-F78CE84035FA}.Debug|Any CPU.ActiveCfg = Debug|Any CPU
		{EA5EBD46-424C-471B-BEDC-F78CE84035FA}.Debug|Any CPU.Build.0 = Debug|Any CPU
		{EA5EBD46-424C-471B-BEDC-F78CE84035FA}.Release|Any CPU.ActiveCfg = Release|Any CPU
		{EA5EBD46-424C-471B-BEDC-F78CE84035FA}.Release|Any CPU.Build.0 = Release|Any CPU
		{08136B98-5F15-44EA-B5E6-1B076073C2D7}.Debug|Any CPU.ActiveCfg = Debug|Any CPU
		{08136B98-5F15-44EA-B5E6-1B076073C2D7}.Debug|Any CPU.Build.0 = Debug|Any CPU
		{08136B98-5F15-44EA-B5E6-1B076073C2D7}.Release|Any CPU.ActiveCfg = Release|Any CPU
		{08136B98-5F15-44EA-B5E6-1B076073C2D7}.Release|Any CPU.Build.0 = Release|Any CPU
		{098A7FF4-CDCA-412C-B130-4D9E6092BC31}.Debug|Any CPU.ActiveCfg = Debug|Any CPU
		{098A7FF4-CDCA-412C-B130-4D9E6092BC31}.Debug|Any CPU.Build.0 = Debug|Any CPU
		{098A7FF4-CDCA-412C-B130-4D9E6092BC31}.Release|Any CPU.ActiveCfg = Release|Any CPU
		{098A7FF4-CDCA-412C-B130-4D9E6092BC31}.Release|Any CPU.Build.0 = Release|Any CPU
		{08D6760B-FEDD-4212-92AD-894A5DA69A51}.Debug|Any CPU.ActiveCfg = Debug|Any CPU
		{08D6760B-FEDD-4212-92AD-894A5DA69A51}.Debug|Any CPU.Build.0 = Debug|Any CPU
		{08D6760B-FEDD-4212-92AD-894A5DA69A51}.Release|Any CPU.ActiveCfg = Release|Any CPU
		{08D6760B-FEDD-4212-92AD-894A5DA69A51}.Release|Any CPU.Build.0 = Release|Any CPU
		{B27BD98F-BCBA-47F4-B9B7-149D00DF080A}.Debug|Any CPU.ActiveCfg = Debug|Any CPU
		{B27BD98F-BCBA-47F4-B9B7-149D00DF080A}.Debug|Any CPU.Build.0 = Debug|Any CPU
		{B27BD98F-BCBA-47F4-B9B7-149D00DF080A}.Release|Any CPU.ActiveCfg = Release|Any CPU
		{B27BD98F-BCBA-47F4-B9B7-149D00DF080A}.Release|Any CPU.Build.0 = Release|Any CPU
		{551D1355-0A84-4BEE-B613-2536343EE375}.Debug|Any CPU.ActiveCfg = Debug|Any CPU
		{551D1355-0A84-4BEE-B613-2536343EE375}.Debug|Any CPU.Build.0 = Debug|Any CPU
		{551D1355-0A84-4BEE-B613-2536343EE375}.Release|Any CPU.ActiveCfg = Release|Any CPU
		{551D1355-0A84-4BEE-B613-2536343EE375}.Release|Any CPU.Build.0 = Release|Any CPU
		{CDCE8289-39B3-4C5B-93A3-2C25161E5420}.Debug|Any CPU.ActiveCfg = Debug|Any CPU
		{CDCE8289-39B3-4C5B-93A3-2C25161E5420}.Debug|Any CPU.Build.0 = Debug|Any CPU
		{CDCE8289-39B3-4C5B-93A3-2C25161E5420}.Release|Any CPU.ActiveCfg = Release|Any CPU
		{CDCE8289-39B3-4C5B-93A3-2C25161E5420}.Release|Any CPU.Build.0 = Release|Any CPU
		{CB204E9C-F113-467B-935E-9D723E6C276C}.Debug|Any CPU.ActiveCfg = Debug|Any CPU
		{CB204E9C-F113-467B-935E-9D723E6C276C}.Debug|Any CPU.Build.0 = Debug|Any CPU
		{CB204E9C-F113-467B-935E-9D723E6C276C}.Release|Any CPU.ActiveCfg = Release|Any CPU
		{CB204E9C-F113-467B-935E-9D723E6C276C}.Release|Any CPU.Build.0 = Release|Any CPU
		{54D54AAE-18EF-4583-86C4-56519C236C58}.Debug|Any CPU.ActiveCfg = Debug|Any CPU
		{54D54AAE-18EF-4583-86C4-56519C236C58}.Debug|Any CPU.Build.0 = Debug|Any CPU
		{54D54AAE-18EF-4583-86C4-56519C236C58}.Release|Any CPU.ActiveCfg = Release|Any CPU
		{54D54AAE-18EF-4583-86C4-56519C236C58}.Release|Any CPU.Build.0 = Release|Any CPU
		{EE275EB4-A343-47C6-96DC-287442DDEAB5}.Debug|Any CPU.ActiveCfg = Debug|Any CPU
		{EE275EB4-A343-47C6-96DC-287442DDEAB5}.Debug|Any CPU.Build.0 = Debug|Any CPU
		{EE275EB4-A343-47C6-96DC-287442DDEAB5}.Release|Any CPU.ActiveCfg = Release|Any CPU
		{EE275EB4-A343-47C6-96DC-287442DDEAB5}.Release|Any CPU.Build.0 = Release|Any CPU
		{FA532538-55B3-4BAD-A912-EEA7D8191714}.Debug|Any CPU.ActiveCfg = Debug|Any CPU
		{FA532538-55B3-4BAD-A912-EEA7D8191714}.Debug|Any CPU.Build.0 = Debug|Any CPU
		{FA532538-55B3-4BAD-A912-EEA7D8191714}.Release|Any CPU.ActiveCfg = Release|Any CPU
		{FA532538-55B3-4BAD-A912-EEA7D8191714}.Release|Any CPU.Build.0 = Release|Any CPU
		{05B2E423-4A84-449B-B825-0A954C06C109}.Debug|Any CPU.ActiveCfg = Debug|Any CPU
		{05B2E423-4A84-449B-B825-0A954C06C109}.Debug|Any CPU.Build.0 = Debug|Any CPU
		{05B2E423-4A84-449B-B825-0A954C06C109}.Release|Any CPU.ActiveCfg = Release|Any CPU
		{05B2E423-4A84-449B-B825-0A954C06C109}.Release|Any CPU.Build.0 = Release|Any CPU
	EndGlobalSection
	GlobalSection(SolutionProperties) = preSolution
		HideSolutionNode = FALSE
	EndGlobalSection
	GlobalSection(NestedProjects) = preSolution
		{CEB83A10-7169-4462-99AD-70AD676F5F41} = {7D448B23-AA07-45BA-884B-0F71A3AEEA46}
		{EA5EBD46-424C-471B-BEDC-F78CE84035FA} = {CEB83A10-7169-4462-99AD-70AD676F5F41}
		{9B854C6B-DF72-4E2D-A0B8-62E95164DABB} = {7D448B23-AA07-45BA-884B-0F71A3AEEA46}
		{70D0489C-2BD2-4C7A-9977-224A1F0695A5} = {9B854C6B-DF72-4E2D-A0B8-62E95164DABB}
		{08136B98-5F15-44EA-B5E6-1B076073C2D7} = {70D0489C-2BD2-4C7A-9977-224A1F0695A5}
		{DBAE702B-9783-4848-9059-4EE3F7918389} = {D1B2277E-FEAE-4EED-BF89-D7D9F244C6A1}
		{25A4F4FF-DAB6-4E8D-AD49-FD2B0FFDD4CF} = {DBAE702B-9783-4848-9059-4EE3F7918389}
		{D1B2277E-FEAE-4EED-BF89-D7D9F244C6A1} = {BDCB64A7-5E58-43EB-A1A9-4E3BA910B950}
		{098A7FF4-CDCA-412C-B130-4D9E6092BC31} = {25A4F4FF-DAB6-4E8D-AD49-FD2B0FFDD4CF}
		{08D6760B-FEDD-4212-92AD-894A5DA69A51} = {70D0489C-2BD2-4C7A-9977-224A1F0695A5}
		{B27BD98F-BCBA-47F4-B9B7-149D00DF080A} = {CEB83A10-7169-4462-99AD-70AD676F5F41}
		{551D1355-0A84-4BEE-B613-2536343EE375} = {70D0489C-2BD2-4C7A-9977-224A1F0695A5}
		{8B9A251A-AE3D-46A0-849D-4953B20CFE0A} = {BDCB64A7-5E58-43EB-A1A9-4E3BA910B950}
		{CDCE8289-39B3-4C5B-93A3-2C25161E5420} = {8B9A251A-AE3D-46A0-849D-4953B20CFE0A}
		{CB204E9C-F113-467B-935E-9D723E6C276C} = {CEB83A10-7169-4462-99AD-70AD676F5F41}
		{54D54AAE-18EF-4583-86C4-56519C236C58} = {25A4F4FF-DAB6-4E8D-AD49-FD2B0FFDD4CF}
		{26E6AD3B-4D2B-4AF2-A24D-4B1D4EC466F1} = {BDCB64A7-5E58-43EB-A1A9-4E3BA910B950}
		{EE275EB4-A343-47C6-96DC-287442DDEAB5} = {26E6AD3B-4D2B-4AF2-A24D-4B1D4EC466F1}
		{FA532538-55B3-4BAD-A912-EEA7D8191714} = {70D0489C-2BD2-4C7A-9977-224A1F0695A5}
		{5F0D9EF9-5C2B-4FFC-AE2A-25557E649BD0} = {D1B2277E-FEAE-4EED-BF89-D7D9F244C6A1}
	EndGlobalSection
	GlobalSection(ExtensibilityGlobals) = postSolution
		SolutionGuid = {72CCF0CE-B2C8-4FA5-A63C-A57C199D79A0}
	EndGlobalSection
EndGlobal
